{
  "name": "sools-core-hedera",
  "version": "1.0.0",
  "lockfileVersion": 3,
  "requires": true,
  "packages": {
    "": {
      "name": "sools-core-hedera",
      "version": "1.0.0",
      "license": "ISC",
      "dependencies": {
        "core": "file:../shared",
        "hedera": "file:../../hedera",
        "sools-core": "^1.0.0",
        "sools-core-client": "^1.0.0",
        "sools-hedera": "^1.0.0"
      }
    },
    "../../hedera": {
      "name": "sools-hedera",
      "version": "1.0.0",
      "license": "ISC",
      "dependencies": {
        "sools-core": "^1.0.0",
        "sools-core-client": "^1.0.0"
      }
    },
    "../shared": {
      "name": "sools-core",
      "version": "1.0.0",
      "license": "ISC",
      "devDependencies": {
        "chai": "^4.3.10",
        "mocha": "^10.2.0"
      }
    },
    "node_modules/core": {
      "resolved": "../shared",
      "link": true
    },
    "node_modules/hedera": {
      "resolved": "../../hedera",
      "link": true
    },
    "node_modules/sools-core": {
      "version": "1.0.0",
      "resolved": "https://registry.npmjs.org/sools-core/-/sools-core-1.0.0.tgz",
      "integrity": "sha512-KU5ULx6TvhEKK50WxmNiMrCsnGdDB4XmiqxbVZcfrhu1GAsE7X7rFv5AorUtP/teb1oorWYdiZ3kj7HlALSTcw=="
    },
    "node_modules/sools-core-client": {
      "version": "1.0.0",
      "resolved": "https://registry.npmjs.org/sools-core-client/-/sools-core-client-1.0.0.tgz",
      "integrity": "sha512-TSV+UvvP+hWZzeJ84bLRcWOCbNMUrBNC+R3Ib1sdG4zsEBjZNje0msqyykrivjWHDNdXRw03tTxq3XcJ1Jp3Pw==",
      "dependencies": {
        "sools-core": "^1.0.0"
      }
    },
    "node_modules/sools-hedera": {
      "version": "1.0.0",
      "resolved": "https://registry.npmjs.org/sools-hedera/-/sools-hedera-1.0.0.tgz",
      "integrity": "sha512-s/CWr7hC7e1MJlBQHGQwPadgT1ZYpAmztRZz1cu/8JzyHQMQ8/tF8F47LzisUjsYRsJ2PBhfTgnvKgplP11vXA==",
      "dependencies": {
        "sools-core": "^1.0.0",
        "sools-core-client": "^1.0.0"
      }
    }
  }
}
